
Microsoft Visual Studio Solution File, Format Version 12.00
# Visual Studio 15
VisualStudioVersion = 15.0.28307.136
MinimumVisualStudioVersion = 10.0.40219.1
Project("{9A19103F-16F7-4668-BE54-9A1E7A4F7556}") = "MyConsole", "MyConsole\MyConsole.csproj", "{CAF4F1B9-160D-48A2-893A-689F33D47344}"
EndProject
Project("{9A19103F-16F7-4668-BE54-9A1E7A4F7556}") = "MapperLib", "MapperLib\MapperLib.csproj", "{EE18ED81-8346-4452-971C-FBC6D2E387E1}"
EndProject
Global
	GlobalSection(SolutionConfigurationPlatforms) = preSolution
		Debug|Any CPU = Debug|Any CPU
		Release|Any CPU = Release|Any CPU
	EndGlobalSection
	GlobalSection(ProjectConfigurationPlatforms) = postSolution
		{CAF4F1B9-160D-48A2-893A-689F33D47344}.Debug|Any CPU.ActiveCfg = Debug|Any CPU
		{CAF4F1B9-160D-48A2-893A-689F33D47344}.Debug|Any CPU.Build.0 = Debug|Any CPU
		{CAF4F1B9-160D-48A2-893A-689F33D47344}.Release|Any CPU.ActiveCfg = Release|Any CPU
		{CAF4F1B9-160D-48A2-893A-689F33D47344}.Release|Any CPU.Build.0 = Release|Any CPU
		{EE18ED81-8346-4452-971C-FBC6D2E387E1}.Debug|Any CPU.ActiveCfg = Debug|Any CPU
		{EE18ED81-8346-4452-971C-FBC6D2E387E1}.Debug|Any CPU.Build.0 = Debug|Any CPU
		{EE18ED81-8346-4452-971C-FBC6D2E387E1}.Release|Any CPU.ActiveCfg = Release|Any CPU
		{EE18ED81-8346-4452-971C-FBC6D2E387E1}.Release|Any CPU.Build.0 = Release|Any CPU
	EndGlobalSection
	GlobalSection(SolutionProperties) = preSolution
		HideSolutionNode = FALSE
	EndGlobalSection
	GlobalSection(ExtensibilityGlobals) = postSolution
		SolutionGuid = {39CA305E-F9DB-401F-801A-27D2B0340212}
	EndGlobalSection
EndGlobal
