
Microsoft Visual Studio Solution File, Format Version 12.00
# Visual Studio 15
VisualStudioVersion = 15.0.28307.421
MinimumVisualStudioVersion = 10.0.40219.1
Project("{FAE04EC0-301F-11D3-BF4B-00C04F79EFBC}") = "WebAppApiExample1", "WebAppApiExample1\WebAppApiExample1.csproj", "{AD256A87-0F2E-45DB-B3F4-F402071CFEED}"
EndProject
Global
	GlobalSection(SolutionConfigurationPlatforms) = preSolution
		Debug|Any CPU = Debug|Any CPU
		Release|Any CPU = Release|Any CPU
	EndGlobalSection
	GlobalSection(ProjectConfigurationPlatforms) = postSolution
		{AD256A87-0F2E-45DB-B3F4-F402071CFEED}.Debug|Any CPU.ActiveCfg = Debug|Any CPU
		{AD256A87-0F2E-45DB-B3F4-F402071CFEED}.Debug|Any CPU.Build.0 = Debug|Any CPU
		{AD256A87-0F2E-45DB-B3F4-F402071CFEED}.Release|Any CPU.ActiveCfg = Release|Any CPU
		{AD256A87-0F2E-45DB-B3F4-F402071CFEED}.Release|Any CPU.Build.0 = Release|Any CPU
	EndGlobalSection
	GlobalSection(SolutionProperties) = preSolution
		HideSolutionNode = FALSE
	EndGlobalSection
	GlobalSection(ExtensibilityGlobals) = postSolution
		SolutionGuid = {129D1073-5148-4EE5-812E-9D8B94C1259E}
	EndGlobalSection
EndGlobal
